# This file is autogenerated, do not edit; changes may be undone by the next 'dep ensure'.


[[projects]]
  name = "docker.io/go-docker"
  packages = [
    ".",
    "api",
    "api/types",
    "api/types/blkiodev",
    "api/types/container",
    "api/types/events",
    "api/types/filters",
    "api/types/image",
    "api/types/mount",
    "api/types/network",
    "api/types/registry",
    "api/types/strslice",
    "api/types/swarm",
    "api/types/swarm/runtime",
    "api/types/time",
    "api/types/versions",
    "api/types/volume"
  ]
  revision = "b3f5b5de7bbce0acc6a7fc0a4c2b88db678e262e"
  version = "v1.0.0"

[[projects]]
  name = "github.com/Microsoft/go-winio"
  packages = ["."]
  revision = "7da180ee92d8bd8bb8c37fc560e673e6557c392f"
  version = "v0.4.7"

[[projects]]
  name = "github.com/aws/aws-sdk-go"
  packages = [
    "aws",
    "aws/awserr",
    "aws/awsutil",
    "aws/client",
    "aws/client/metadata",
    "aws/corehandlers",
    "aws/credentials",
    "aws/credentials/ec2rolecreds",
    "aws/credentials/endpointcreds",
    "aws/credentials/stscreds",
    "aws/csm",
    "aws/defaults",
    "aws/ec2metadata",
    "aws/endpoints",
    "aws/request",
    "aws/session",
    "aws/signer/v4",
    "internal/sdkio",
    "internal/sdkrand",
    "internal/shareddefaults",
    "private/protocol",
    "private/protocol/eventstream",
    "private/protocol/eventstream/eventstreamapi",
    "private/protocol/query",
    "private/protocol/query/queryutil",
    "private/protocol/rest",
    "private/protocol/restxml",
    "private/protocol/xml/xmlutil",
    "service/s3",
    "service/s3/s3iface",
    "service/s3/s3manager",
    "service/sts"
  ]
  revision = "152e9ff2c63af90874bf3eff1286acee291d0065"
  version = "v1.14.2"

[[projects]]
  name = "github.com/docker/distribution"
  packages = [
    "digestset",
    "reference"
  ]
  revision = "edc3ab29cdff8694dd6feb85cfeb4b5f1b38ed9c"

[[projects]]
  name = "github.com/docker/go-connections"
  packages = [
    "nat",
    "sockets",
    "tlsconfig"
  ]
  revision = "3ede32e2033de7505e6500d6c868c2b9ed9f169d"
  version = "v0.3.0"

[[projects]]
  name = "github.com/docker/go-units"
  packages = ["."]
  revision = "47565b4f722fb6ceae66b95f853feed578a4a51c"
  version = "v0.3.3"

[[projects]]
  name = "github.com/go-ini/ini"
  packages = ["."]
  revision = "06f5f3d67269ccec1fe5fe4134ba6e982984f7f5"
  version = "v1.37.0"

[[projects]]
  name = "github.com/gogo/protobuf"
  packages = ["proto"]
  revision = "100ba4e885062801d56799d78530b73b178a78f3"
  version = "v0.4"

[[projects]]
  name = "github.com/inconshreveable/mousetrap"
  packages = ["."]
  revision = "76626ae9c91c4f2a10f34cad8ce83ea42c93bb75"
  version = "v1.0"

[[projects]]
  name = "github.com/jmespath/go-jmespath"
  packages = ["."]
  revision = "0b12d6b5"

[[projects]]
  name = "github.com/opencontainers/go-digest"
  packages = ["."]
  revision = "279bed98673dd5bef374d3b6e4b09e2af76183bf"
  version = "v1.0.0-rc1"

[[projects]]
  name = "github.com/opencontainers/image-spec"
  packages = [
    "specs-go",
    "specs-go/v1"
  ]
  revision = "d60099175f88c47cd379c4738d158884749ed235"
  version = "v1.0.1"

[[projects]]
  name = "github.com/pelletier/go-toml"
  packages = ["."]
  revision = "acdc4509485b587f5e675510c4f2c63e90ff68a8"
  version = "v1.1.0"

[[projects]]
  name = "github.com/pkg/errors"
  packages = ["."]
  revision = "645ef00459ed84a119197bfb8d8205042c6df63d"
  version = "v0.8.0"

[[projects]]
  name = "github.com/rs/xid"
  packages = ["."]
  revision = "2c7e97ce663ff82c49656bca3048df0fdd83c5f9"
  version = "v1.2.0"

[[projects]]
  name = "github.com/spf13/cobra"
  packages = ["."]
  revision = "a1f051bc3eba734da4772d60e2d677f47cf93ef4"
  version = "v0.0.2"

[[projects]]
  name = "github.com/spf13/pflag"
  packages = ["."]
  revision = "583c0c0531f06d5278b7d917446061adc344b5cd"
  version = "v1.0.1"

[[projects]]
  branch = "master"
  name = "golang.org/x/net"
  packages = [
    "context",
    "context/ctxhttp",
    "internal/socks",
    "proxy"
  ]
  revision = "1e491301e022f8f977054da4c2d852decd59571f"

[[projects]]
  branch = "master"
  name = "golang.org/x/sys"
  packages = [
    "unix",
    "windows"
  ]
  revision = "9527bec2660bd847c050fda93a0f0c6dee0800bb"

[solve-meta]
  analyzer-name = "dep"
  analyzer-version = 1
  inputs-digest = "1273da04380c3b28e5b17d83e27ec252902192feb3cf64fe5551266624345efc"
  solver-name = "gps-cdcl"
  solver-version = 1
